{
  "originHash" : "baef8b1f7784d49a8de5582defe083351b8a73d88ac6c212a4dcf236f81f86b3",
  "pins" : [
    {
      "identity" : "capacitor-swift-pm",
      "kind" : "remoteSourceControl",
      "location" : "https://github.com/ionic-team/capacitor-swift-pm.git",
      "state" : {
        "revision" : "145cf37b8e3b240efef3d2d8a7262e621f08bb6f",
        "version" : "7.4.4"
      }
    },
    {
      "identity" : "purchases-hybrid-common",
      "kind" : "remoteSourceControl",
      "location" : "https://github.com/RevenueCat/purchases-hybrid-common.git",
      "state" : {
        "revision" : "9e362312589a10dc4ce549400b76aa4edec0ac93",
        "version" : "17.19.1"
      }
    },
    {
      "identity" : "purchases-ios-spm",
      "kind" : "remoteSourceControl",
      "location" : "https://github.com/RevenueCat/purchases-ios-spm",
      "state" : {
        "revision" : "8d258661d1e5be78f39ad4b37b5ed72cf073149d",
        "version" : "5.48.0"
      }
    }
  ],
  "version" : 3
}
